Microsoft Visual Studio Solution File, Format Version 12.00
Project("{2150E333-8FDC-42A3-9474-1A3956D46DE8}") = "MainService", "MainService", "{939F6642-6899-40FB-85E3-672D93513EBA}"
	ProjectSection(SolutionItems) = preProject
		MainService\Dockerfile = MainService\Dockerfile
	EndProjectSection
EndProject
Project("{2150E333-8FDC-42A3-9474-1A3956D46DE8}") = "AuthService", "AuthService", "{61648E5D-868A-4F32-87A7-B22D511F6D6E}"
	ProjectSection(SolutionItems) = preProject
		AuthService\Dockerfile = AuthService\Dockerfile
	EndProjectSection
EndProject
Project("{2150E333-8FDC-42A3-9474-1A3956D46DE8}") = "NotificationService", "NotificationService", "{357A0B0C-E2E5-4084-96B2-C580B68F689C}"
EndProject
Project("{FAE04EC0-301F-11D3-BF4B-00C04F79EFBC}") = "MainService.AL", "MainService\MainService.AL\MainService.AL.csproj", "{16A9D84C-DE8D-4B4C-BF6F-6429B2CBD7D5}"
EndProject
Project("{FAE04EC0-301F-11D3-BF4B-00C04F79EFBC}") = "MainService.DAL", "MainService\MainService.DAL\MainService.DAL.csproj", "{B00DBF88-01A7-4083-ABB1-E120E89B14E5}"
EndProject
Project("{FAE04EC0-301F-11D3-BF4B-00C04F79EFBC}") = "MainService.PL", "MainService\MainService.PL\MainService.PL.csproj", "{C6AF8963-FC27-47C8-928E-DC2AC8ACE965}"
EndProject
Project("{FAE04EC0-301F-11D3-BF4B-00C04F79EFBC}") = "MainService.IL", "MainService\MainService.IL\MainService.IL.csproj", "{2BAE79D2-25C4-4CB4-9765-55EBB96FF39D}"
EndProject
Project("{FAE04EC0-301F-11D3-BF4B-00C04F79EFBC}") = "MainService.Tests", "MainService\MainService.Tests\MainService.Tests.csproj", "{12CD5ED0-1ACB-4B27-BC8E-DCD187F5EDA5}"
EndProject
Project("{FAE04EC0-301F-11D3-BF4B-00C04F79EFBC}") = "AuthService.PL", "AuthService\AuthService.PL\AuthService.PL.csproj", "{A12DAE62-F7FB-42CA-B755-59EBF2199828}"
EndProject
Project("{FAE04EC0-301F-11D3-BF4B-00C04F79EFBC}") = "AuthService.AL", "AuthService\AuthService.AL\AuthService.AL.csproj", "{A954ED08-90D4-41DF-A889-E3728F24D2AC}"
EndProject
Project("{FAE04EC0-301F-11D3-BF4B-00C04F79EFBC}") = "AuthService.IL", "AuthService\AuthService.IL\AuthService.IL.csproj", "{3F71FC1D-F5BB-4F5E-8E99-2C2EB0443335}"
EndProject
Project("{FAE04EC0-301F-11D3-BF4B-00C04F79EFBC}") = "AuthService.DAL", "AuthService\AuthService.DAL\AuthService.DAL.csproj", "{8C9F985A-3270-4E50-9CDB-3B235D07F0C6}"
EndProject
Project("{FAE04EC0-301F-11D3-BF4B-00C04F79EFBC}") = "NotificationService.PL", "NotificationService\NotificationService.PL\NotificationService.PL.csproj", "{9FBF3BEC-21A4-473C-954F-455456D671BF}"
EndProject
Project("{FAE04EC0-301F-11D3-BF4B-00C04F79EFBC}") = "NotificationService.IL", "NotificationService\NotificationService.IL\NotificationService.IL.csproj", "{DB5FEBCA-4634-400F-9655-A336CC2295E0}"
EndProject
Global
	GlobalSection(SolutionConfigurationPlatforms) = preSolution
		Debug|Any CPU = Debug|Any CPU
		Release|Any CPU = Release|Any CPU
	EndGlobalSection
	GlobalSection(ProjectConfigurationPlatforms) = postSolution
		{E46623A4-13C0-49B4-9BB3-F88F2DC22CB7}.Debug|Any CPU.ActiveCfg = Debug|Any CPU
		{E46623A4-13C0-49B4-9BB3-F88F2DC22CB7}.Debug|Any CPU.Build.0 = Debug|Any CPU
		{E46623A4-13C0-49B4-9BB3-F88F2DC22CB7}.Release|Any CPU.ActiveCfg = Release|Any CPU
		{E46623A4-13C0-49B4-9BB3-F88F2DC22CB7}.Release|Any CPU.Build.0 = Release|Any CPU
		{A112F805-29BF-40E2-AFB6-9DE45AA4953E}.Debug|Any CPU.ActiveCfg = Debug|Any CPU
		{A112F805-29BF-40E2-AFB6-9DE45AA4953E}.Debug|Any CPU.Build.0 = Debug|Any CPU
		{A112F805-29BF-40E2-AFB6-9DE45AA4953E}.Release|Any CPU.ActiveCfg = Release|Any CPU
		{A112F805-29BF-40E2-AFB6-9DE45AA4953E}.Release|Any CPU.Build.0 = Release|Any CPU
		{1EF85461-213A-4B58-BBDE-BBC0351DE61F}.Debug|Any CPU.ActiveCfg = Debug|Any CPU
		{1EF85461-213A-4B58-BBDE-BBC0351DE61F}.Debug|Any CPU.Build.0 = Debug|Any CPU
		{1EF85461-213A-4B58-BBDE-BBC0351DE61F}.Release|Any CPU.ActiveCfg = Release|Any CPU
		{1EF85461-213A-4B58-BBDE-BBC0351DE61F}.Release|Any CPU.Build.0 = Release|Any CPU
		{16A9D84C-DE8D-4B4C-BF6F-6429B2CBD7D5}.Debug|Any CPU.ActiveCfg = Debug|Any CPU
		{16A9D84C-DE8D-4B4C-BF6F-6429B2CBD7D5}.Debug|Any CPU.Build.0 = Debug|Any CPU
		{16A9D84C-DE8D-4B4C-BF6F-6429B2CBD7D5}.Release|Any CPU.ActiveCfg = Release|Any CPU
		{16A9D84C-DE8D-4B4C-BF6F-6429B2CBD7D5}.Release|Any CPU.Build.0 = Release|Any CPU
		{B00DBF88-01A7-4083-ABB1-E120E89B14E5}.Debug|Any CPU.ActiveCfg = Debug|Any CPU
		{B00DBF88-01A7-4083-ABB1-E120E89B14E5}.Debug|Any CPU.Build.0 = Debug|Any CPU
		{B00DBF88-01A7-4083-ABB1-E120E89B14E5}.Release|Any CPU.ActiveCfg = Release|Any CPU
		{B00DBF88-01A7-4083-ABB1-E120E89B14E5}.Release|Any CPU.Build.0 = Release|Any CPU
		{C6AF8963-FC27-47C8-928E-DC2AC8ACE965}.Debug|Any CPU.ActiveCfg = Debug|Any CPU
		{C6AF8963-FC27-47C8-928E-DC2AC8ACE965}.Debug|Any CPU.Build.0 = Debug|Any CPU
		{C6AF8963-FC27-47C8-928E-DC2AC8ACE965}.Release|Any CPU.ActiveCfg = Release|Any CPU
		{C6AF8963-FC27-47C8-928E-DC2AC8ACE965}.Release|Any CPU.Build.0 = Release|Any CPU
		{2BAE79D2-25C4-4CB4-9765-55EBB96FF39D}.Debug|Any CPU.ActiveCfg = Debug|Any CPU
		{2BAE79D2-25C4-4CB4-9765-55EBB96FF39D}.Debug|Any CPU.Build.0 = Debug|Any CPU
		{2BAE79D2-25C4-4CB4-9765-55EBB96FF39D}.Release|Any CPU.ActiveCfg = Release|Any CPU
		{2BAE79D2-25C4-4CB4-9765-55EBB96FF39D}.Release|Any CPU.Build.0 = Release|Any CPU
		{12CD5ED0-1ACB-4B27-BC8E-DCD187F5EDA5}.Debug|Any CPU.ActiveCfg = Debug|Any CPU
		{12CD5ED0-1ACB-4B27-BC8E-DCD187F5EDA5}.Debug|Any CPU.Build.0 = Debug|Any CPU
		{12CD5ED0-1ACB-4B27-BC8E-DCD187F5EDA5}.Release|Any CPU.ActiveCfg = Release|Any CPU
		{12CD5ED0-1ACB-4B27-BC8E-DCD187F5EDA5}.Release|Any CPU.Build.0 = Release|Any CPU
		{A12DAE62-F7FB-42CA-B755-59EBF2199828}.Debug|Any CPU.ActiveCfg = Debug|Any CPU
		{A12DAE62-F7FB-42CA-B755-59EBF2199828}.Debug|Any CPU.Build.0 = Debug|Any CPU
		{A12DAE62-F7FB-42CA-B755-59EBF2199828}.Release|Any CPU.ActiveCfg = Release|Any CPU
		{A12DAE62-F7FB-42CA-B755-59EBF2199828}.Release|Any CPU.Build.0 = Release|Any CPU
		{A954ED08-90D4-41DF-A889-E3728F24D2AC}.Debug|Any CPU.ActiveCfg = Debug|Any CPU
		{A954ED08-90D4-41DF-A889-E3728F24D2AC}.Debug|Any CPU.Build.0 = Debug|Any CPU
		{A954ED08-90D4-41DF-A889-E3728F24D2AC}.Release|Any CPU.ActiveCfg = Release|Any CPU
		{A954ED08-90D4-41DF-A889-E3728F24D2AC}.Release|Any CPU.Build.0 = Release|Any CPU
		{3F71FC1D-F5BB-4F5E-8E99-2C2EB0443335}.Debug|Any CPU.ActiveCfg = Debug|Any CPU
		{3F71FC1D-F5BB-4F5E-8E99-2C2EB0443335}.Debug|Any CPU.Build.0 = Debug|Any CPU
		{3F71FC1D-F5BB-4F5E-8E99-2C2EB0443335}.Release|Any CPU.ActiveCfg = Release|Any CPU
		{3F71FC1D-F5BB-4F5E-8E99-2C2EB0443335}.Release|Any CPU.Build.0 = Release|Any CPU
		{8C9F985A-3270-4E50-9CDB-3B235D07F0C6}.Debug|Any CPU.ActiveCfg = Debug|Any CPU
		{8C9F985A-3270-4E50-9CDB-3B235D07F0C6}.Debug|Any CPU.Build.0 = Debug|Any CPU
		{8C9F985A-3270-4E50-9CDB-3B235D07F0C6}.Release|Any CPU.ActiveCfg = Release|Any CPU
		{8C9F985A-3270-4E50-9CDB-3B235D07F0C6}.Release|Any CPU.Build.0 = Release|Any CPU
		{9FBF3BEC-21A4-473C-954F-455456D671BF}.Debug|Any CPU.ActiveCfg = Debug|Any CPU
		{9FBF3BEC-21A4-473C-954F-455456D671BF}.Debug|Any CPU.Build.0 = Debug|Any CPU
		{9FBF3BEC-21A4-473C-954F-455456D671BF}.Release|Any CPU.ActiveCfg = Release|Any CPU
		{9FBF3BEC-21A4-473C-954F-455456D671BF}.Release|Any CPU.Build.0 = Release|Any CPU
		{DB5FEBCA-4634-400F-9655-A336CC2295E0}.Debug|Any CPU.ActiveCfg = Debug|Any CPU
		{DB5FEBCA-4634-400F-9655-A336CC2295E0}.Debug|Any CPU.Build.0 = Debug|Any CPU
		{DB5FEBCA-4634-400F-9655-A336CC2295E0}.Release|Any CPU.ActiveCfg = Release|Any CPU
		{DB5FEBCA-4634-400F-9655-A336CC2295E0}.Release|Any CPU.Build.0 = Release|Any CPU
	EndGlobalSection
	GlobalSection(NestedProjects) = preSolution
		{16A9D84C-DE8D-4B4C-BF6F-6429B2CBD7D5} = {939F6642-6899-40FB-85E3-672D93513EBA}
		{B00DBF88-01A7-4083-ABB1-E120E89B14E5} = {939F6642-6899-40FB-85E3-672D93513EBA}
		{C6AF8963-FC27-47C8-928E-DC2AC8ACE965} = {939F6642-6899-40FB-85E3-672D93513EBA}
		{2BAE79D2-25C4-4CB4-9765-55EBB96FF39D} = {939F6642-6899-40FB-85E3-672D93513EBA}
		{12CD5ED0-1ACB-4B27-BC8E-DCD187F5EDA5} = {939F6642-6899-40FB-85E3-672D93513EBA}
		{A12DAE62-F7FB-42CA-B755-59EBF2199828} = {61648E5D-868A-4F32-87A7-B22D511F6D6E}
		{A954ED08-90D4-41DF-A889-E3728F24D2AC} = {61648E5D-868A-4F32-87A7-B22D511F6D6E}
		{3F71FC1D-F5BB-4F5E-8E99-2C2EB0443335} = {61648E5D-868A-4F32-87A7-B22D511F6D6E}
		{8C9F985A-3270-4E50-9CDB-3B235D07F0C6} = {61648E5D-868A-4F32-87A7-B22D511F6D6E}
		{9FBF3BEC-21A4-473C-954F-455456D671BF} = {357A0B0C-E2E5-4084-96B2-C580B68F689C}
		{DB5FEBCA-4634-400F-9655-A336CC2295E0} = {357A0B0C-E2E5-4084-96B2-C580B68F689C}
	EndGlobalSection
EndGlobal
